{
  "requires": true,
  "lockfileVersion": 1,
  "dependencies": {
    "react-devtools-core": {
      "version": "4.9.0",
      "resolved": "https://registry.npmjs.org/react-devtools-core/-/react-devtools-core-4.9.0.tgz",
      "integrity": "sha512-3NyHXW1ClqxEXdHunawAytDxiIxs620oP3wB8DHsbx1fkGgqjMkwlyHVf0zmES/b4ffqzJySowRwSYds/uAHzw==",
      "requires": {
        "shell-quote": "^1.6.1",
        "ws": "^7"
      }
    },
    "shell-quote": {
      "version": "1.7.2",
      "resolved": "https://registry.npmjs.org/shell-quote/-/shell-quote-1.7.2.tgz",
      "integrity": "sha512-mRz/m/JVscCrkMyPqHc/bczi3OQHkLTqXHEFu0zDhK/qfv3UcOA4SVmRCLmos4bhjr9ekVQubj/R7waKapmiQg=="
    },
    "ws": {
      "version": "7.3.1",
      "resolved": "https://registry.npmjs.org/ws/-/ws-7.3.1.tgz",
      "integrity": "sha512-D3RuNkynyHmEJIpD2qrgVkc9DQ23OrN/moAwZX4L8DfvszsJxpjQuUq3LMx6HoYji9fbIOBY18XWBsAux1ZZUA=="
    }
  }
}
